// !$*UTF8*$!
{
	archiveVersion = 1;
	classes = {
	};
	objectVersion = 46;
	objects = {

/* Begin PBXGroup section */
		1902FBBB198BE9D800C16053 = {
			isa = PBXGroup;
			children = (
			);
			sourceTree = "<group>";
		};
/* End PBXGroup section */

/* Begin PBXProject section */
		1902FBBC198BE9D800C16053 /* Project object */ = {
			isa = PBXProject;
			attributes = {
				LastUpgradeCheck = 0600;
			};
			buildConfigurationList = 1902FBBF198BE9D800C16053 /* Build configuration list for PBXProject "KartenServer" */;
			compatibilityVersion = "Xcode 3.2";
			developmentRegion = English;
			hasScannedForEncodings = 0;
			knownRegions = (
				en,
			);
			mainGroup = 1902FBBB198BE9D800C16053;
			projectDirPath = "";
			projectRoot = "";
			targets = (
			);
		};
/* End PBXProject section */

/* Begin XCBuildConfiguration section */
		1902FBC0198BE9D800C16053 /* Debug */ = {
			isa = XCBuildConfiguration;
			buildSettings = {
			};
			name = Debug;
		};
		1902FBC1198BE9D800C16053 /* Release */ = {
			isa = XCBuildConfiguration;
			buildSettings = {
			};
			name = Release;
		};
/* End XCBuildConfiguration section */

/* Begin XCConfigurationList section */
		1902FBBF198BE9D800C16053 /* Build configuration list for PBXProject "KartenServer" */ = {
			isa = XCConfigurationList;
			buildConfigurations = (
				1902FBC0198BE9D800C16053 /* Debug */,
				1902FBC1198BE9D800C16053 /* Release */,
			);
			defaultConfigurationIsVisible = 0;
			defaultConfigurationName = Release;
		};
/* End XCConfigurationList section */
	};
	rootObject = 1902FBBC198BE9D800C16053 /* Project object */;
}
